
Microsoft Visual Studio Solution File, Format Version 12.00
# Visual Studio 2012
Project("{FAE04EC0-301F-11D3-BF4B-00C04F79EFBC}") = "October21st2016", "October21st2016\October21st2016.csproj", "{31F1F4F8-4892-4D71-AF72-1ED7E4F97177}"
EndProject
Global
	GlobalSection(SolutionConfigurationPlatforms) = preSolution
		Debug|Any CPU = Debug|Any CPU
		Release|Any CPU = Release|Any CPU
	EndGlobalSection
	GlobalSection(ProjectConfigurationPlatforms) = postSolution
		{31F1F4F8-4892-4D71-AF72-1ED7E4F97177}.Debug|Any CPU.ActiveCfg = Debug|Any CPU
		{31F1F4F8-4892-4D71-AF72-1ED7E4F97177}.Debug|Any CPU.Build.0 = Debug|Any CPU
		{31F1F4F8-4892-4D71-AF72-1ED7E4F97177}.Release|Any CPU.ActiveCfg = Release|Any CPU
		{31F1F4F8-4892-4D71-AF72-1ED7E4F97177}.Release|Any CPU.Build.0 = Release|Any CPU
	EndGlobalSection
	GlobalSection(SolutionProperties) = preSolution
		HideSolutionNode = FALSE
	EndGlobalSection
EndGlobal
