
Microsoft Visual Studio Solution File, Format Version 12.00
# Visual Studio 2012
Project("{FAE04EC0-301F-11D3-BF4B-00C04F79EFBC}") = "12Aug2106", "12Aug2106\12Aug2106.csproj", "{E9777FEA-2BD2-41A0-A266-B1EB472E636F}"
EndProject
Project("{FAE04EC0-301F-11D3-BF4B-00C04F79EFBC}") = "12Aug2016Tests", "12Aug2016Tests\12Aug2016Tests.csproj", "{40D4417C-584C-42EE-A37D-4353CB6C57F7}"
EndProject
Global
	GlobalSection(SolutionConfigurationPlatforms) = preSolution
		Debug|Any CPU = Debug|Any CPU
		Release|Any CPU = Release|Any CPU
	EndGlobalSection
	GlobalSection(ProjectConfigurationPlatforms) = postSolution
		{E9777FEA-2BD2-41A0-A266-B1EB472E636F}.Debug|Any CPU.ActiveCfg = Debug|Any CPU
		{E9777FEA-2BD2-41A0-A266-B1EB472E636F}.Debug|Any CPU.Build.0 = Debug|Any CPU
		{E9777FEA-2BD2-41A0-A266-B1EB472E636F}.Release|Any CPU.ActiveCfg = Release|Any CPU
		{E9777FEA-2BD2-41A0-A266-B1EB472E636F}.Release|Any CPU.Build.0 = Release|Any CPU
		{40D4417C-584C-42EE-A37D-4353CB6C57F7}.Debug|Any CPU.ActiveCfg = Debug|Any CPU
		{40D4417C-584C-42EE-A37D-4353CB6C57F7}.Debug|Any CPU.Build.0 = Debug|Any CPU
		{40D4417C-584C-42EE-A37D-4353CB6C57F7}.Release|Any CPU.ActiveCfg = Release|Any CPU
		{40D4417C-584C-42EE-A37D-4353CB6C57F7}.Release|Any CPU.Build.0 = Release|Any CPU
	EndGlobalSection
	GlobalSection(SolutionProperties) = preSolution
		HideSolutionNode = FALSE
	EndGlobalSection
EndGlobal
